
Microsoft Visual Studio Solution File, Format Version 12.00
# Visual Studio Version 16
VisualStudioVersion = 16.0.29519.87
MinimumVisualStudioVersion = 10.0.40219.1
Project("{FAE04EC0-301F-11D3-BF4B-00C04F79EFBC}") = "Exercicio_02", "Exercicio_02\Exercicio_02.csproj", "{C0838491-AE6D-46A7-B203-E66684A6AEA3}"
EndProject
Global
	GlobalSection(SolutionConfigurationPlatforms) = preSolution
		Debug|Any CPU = Debug|Any CPU
		Release|Any CPU = Release|Any CPU
	EndGlobalSection
	GlobalSection(ProjectConfigurationPlatforms) = postSolution
		{C0838491-AE6D-46A7-B203-E66684A6AEA3}.Debug|Any CPU.ActiveCfg = Debug|Any CPU
		{C0838491-AE6D-46A7-B203-E66684A6AEA3}.Debug|Any CPU.Build.0 = Debug|Any CPU
		{C0838491-AE6D-46A7-B203-E66684A6AEA3}.Release|Any CPU.ActiveCfg = Release|Any CPU
		{C0838491-AE6D-46A7-B203-E66684A6AEA3}.Release|Any CPU.Build.0 = Release|Any CPU
	EndGlobalSection
	GlobalSection(SolutionProperties) = preSolution
		HideSolutionNode = FALSE
	EndGlobalSection
	GlobalSection(ExtensibilityGlobals) = postSolution
		SolutionGuid = {CBC43DB9-DFFC-4B52-9AF6-901F2738AA78}
	EndGlobalSection
EndGlobal
