
Microsoft Visual Studio Solution File, Format Version 12.00
# Visual Studio Version 16
VisualStudioVersion = 16.0.29519.87
MinimumVisualStudioVersion = 10.0.40219.1
Project("{FAE04EC0-301F-11D3-BF4B-00C04F79EFBC}") = "Exercicio_fixacao_02", "Exercicio_fixacao_02\Exercicio_fixacao_02.csproj", "{228F60CE-45C0-4F0D-8569-E41F6794FA13}"
EndProject
Global
	GlobalSection(SolutionConfigurationPlatforms) = preSolution
		Debug|Any CPU = Debug|Any CPU
		Release|Any CPU = Release|Any CPU
	EndGlobalSection
	GlobalSection(ProjectConfigurationPlatforms) = postSolution
		{228F60CE-45C0-4F0D-8569-E41F6794FA13}.Debug|Any CPU.ActiveCfg = Debug|Any CPU
		{228F60CE-45C0-4F0D-8569-E41F6794FA13}.Debug|Any CPU.Build.0 = Debug|Any CPU
		{228F60CE-45C0-4F0D-8569-E41F6794FA13}.Release|Any CPU.ActiveCfg = Release|Any CPU
		{228F60CE-45C0-4F0D-8569-E41F6794FA13}.Release|Any CPU.Build.0 = Release|Any CPU
	EndGlobalSection
	GlobalSection(SolutionProperties) = preSolution
		HideSolutionNode = FALSE
	EndGlobalSection
	GlobalSection(ExtensibilityGlobals) = postSolution
		SolutionGuid = {408F1043-E6B0-4761-96B6-EE77CCF1D8CE}
	EndGlobalSection
EndGlobal
