
Microsoft Visual Studio Solution File, Format Version 12.00
# Visual Studio Version 16
VisualStudioVersion = 16.0.29519.87
MinimumVisualStudioVersion = 10.0.40219.1
Project("{FAE04EC0-301F-11D3-BF4B-00C04F79EFBC}") = "Exercicio_01", "Exercicio_01\Exercicio_01.csproj", "{35F85115-53C3-443D-9300-D1BC53F6A721}"
EndProject
Global
	GlobalSection(SolutionConfigurationPlatforms) = preSolution
		Debug|Any CPU = Debug|Any CPU
		Release|Any CPU = Release|Any CPU
	EndGlobalSection
	GlobalSection(ProjectConfigurationPlatforms) = postSolution
		{35F85115-53C3-443D-9300-D1BC53F6A721}.Debug|Any CPU.ActiveCfg = Debug|Any CPU
		{35F85115-53C3-443D-9300-D1BC53F6A721}.Debug|Any CPU.Build.0 = Debug|Any CPU
		{35F85115-53C3-443D-9300-D1BC53F6A721}.Release|Any CPU.ActiveCfg = Release|Any CPU
		{35F85115-53C3-443D-9300-D1BC53F6A721}.Release|Any CPU.Build.0 = Release|Any CPU
	EndGlobalSection
	GlobalSection(SolutionProperties) = preSolution
		HideSolutionNode = FALSE
	EndGlobalSection
	GlobalSection(ExtensibilityGlobals) = postSolution
		SolutionGuid = {11F08D97-766A-40A5-BC63-B28909B3B604}
	EndGlobalSection
EndGlobal
